// !$*UTF8*$!
{
	archiveVersion = 1;
	classes = {
	};
	objectVersion = 50;
	objects = {

/* Begin PBXBuildFile section */
		2B068B2D211243D200FE6C7F /* SQLSelects.hpp in Sources */ = {isa = PBXBuildFile; fileRef = 2B068B2C211243D200FE6C7F /* SQLSelects.hpp */; };
		2B068B302112514100FE6C7F /* SQLSelects.cpp in Sources */ = {isa = PBXBuildFile; fileRef = 2B068B2F2112514100FE6C7F /* SQLSelects.cpp */; };
		2B123D2921009DC20086674A /* makeHelpMessage.cpp in Sources */ = {isa = PBXBuildFile; fileRef = 2B123D2821009DC20086674A /* makeHelpMessage.cpp */; };
		2B123D2F210228F20086674A /* StopWatch.cpp in Sources */ = {isa = PBXBuildFile; fileRef = 2B123D2D210228F20086674A /* StopWatch.cpp */; };
		2B6BA9A920FFE33A00DCC3E8 /* main.cpp in Sources */ = {isa = PBXBuildFile; fileRef = 2B6BA9A820FFE33A00DCC3E8 /* main.cpp */; };
		2B6BA9B120FFED1A00DCC3E8 /* EnergyUsage.cpp in Sources */ = {isa = PBXBuildFile; fileRef = 2B6BA9AF20FFED1A00DCC3E8 /* EnergyUsage.cpp */; };
		2B84CF5D21108CC500F91069 /* arraysOfConstCharacters.cpp in Sources */ = {isa = PBXBuildFile; fileRef = 2B84CF5B21108CC500F91069 /* arraysOfConstCharacters.cpp */; };
		2B9AE1772109E89E007318ED /* HelpMessage.cpp in Sources */ = {isa = PBXBuildFile; fileRef = 2B9AE1762109E89E007318ED /* HelpMessage.cpp */; };
		2BD7622221063BF300140F47 /* DateTimeFields.cpp in Sources */ = {isa = PBXBuildFile; fileRef = 2BD7622121063BF300140F47 /* DateTimeFields.cpp */; };
/* End PBXBuildFile section */

/* Begin PBXCopyFilesBuildPhase section */
		2B6BA9A320FFE33A00DCC3E8 /* CopyFiles */ = {
			isa = PBXCopyFilesBuildPhase;
			buildActionMask = 2147483647;
			dstPath = /usr/share/man/man1/;
			dstSubfolderSpec = 0;
			files = (
			);
			runOnlyForDeploymentPostprocessing = 1;
		};
/* End PBXCopyFilesBuildPhase section */

/* Begin PBXFileReference section */
		2B068B2C211243D200FE6C7F /* SQLSelects.hpp */ = {isa = PBXFileReference; fileEncoding = 4; lastKnownFileType = sourcecode.cpp.h; path = SQLSelects.hpp; sourceTree = "<group>"; };
		2B068B2F2112514100FE6C7F /* SQLSelects.cpp */ = {isa = PBXFileReference; lastKnownFileType = sourcecode.cpp.cpp; path = SQLSelects.cpp; sourceTree = "<group>"; };
		2B123D2721009DC20086674A /* makeHelpMessage.hpp */ = {isa = PBXFileReference; fileEncoding = 4; lastKnownFileType = sourcecode.cpp.h; path = makeHelpMessage.hpp; sourceTree = "<group>"; };
		2B123D2821009DC20086674A /* makeHelpMessage.cpp */ = {isa = PBXFileReference; fileEncoding = 4; lastKnownFileType = sourcecode.cpp.cpp; path = makeHelpMessage.cpp; sourceTree = "<group>"; };
		2B123D2B210228F20086674A /* varyingType.hpp */ = {isa = PBXFileReference; fileEncoding = 4; lastKnownFileType = sourcecode.cpp.h; path = varyingType.hpp; sourceTree = "<group>"; };
		2B123D2C210228F20086674A /* StopWatch.hpp */ = {isa = PBXFileReference; fileEncoding = 4; lastKnownFileType = sourcecode.cpp.h; path = StopWatch.hpp; sourceTree = "<group>"; };
		2B123D2D210228F20086674A /* StopWatch.cpp */ = {isa = PBXFileReference; fileEncoding = 4; lastKnownFileType = sourcecode.cpp.cpp; path = StopWatch.cpp; sourceTree = "<group>"; };
		2B6BA9A520FFE33A00DCC3E8 /* computeEnergyUsage */ = {isa = PBXFileReference; explicitFileType = "compiled.mach-o.executable"; includeInIndex = 0; path = computeEnergyUsage; sourceTree = BUILT_PRODUCTS_DIR; };
		2B6BA9A820FFE33A00DCC3E8 /* main.cpp */ = {isa = PBXFileReference; lastKnownFileType = sourcecode.cpp.cpp; path = main.cpp; sourceTree = "<group>"; };
		2B6BA9AF20FFED1A00DCC3E8 /* EnergyUsage.cpp */ = {isa = PBXFileReference; lastKnownFileType = sourcecode.cpp.cpp; path = EnergyUsage.cpp; sourceTree = "<group>"; };
		2B6BA9B020FFED1A00DCC3E8 /* EnergyUsage.hpp */ = {isa = PBXFileReference; lastKnownFileType = sourcecode.cpp.h; path = EnergyUsage.hpp; sourceTree = "<group>"; };
		2B84CF5B21108CC500F91069 /* arraysOfConstCharacters.cpp */ = {isa = PBXFileReference; lastKnownFileType = sourcecode.cpp.cpp; path = arraysOfConstCharacters.cpp; sourceTree = "<group>"; };
		2B84CF5C21108CC500F91069 /* arraysOfConstCharacters.hpp */ = {isa = PBXFileReference; lastKnownFileType = sourcecode.cpp.h; path = arraysOfConstCharacters.hpp; sourceTree = "<group>"; };
		2B9AE1762109E89E007318ED /* HelpMessage.cpp */ = {isa = PBXFileReference; lastKnownFileType = sourcecode.cpp.cpp; path = HelpMessage.cpp; sourceTree = "<group>"; };
		2BD7622021060FBE00140F47 /* DateTimeFields.hpp */ = {isa = PBXFileReference; lastKnownFileType = sourcecode.cpp.h; path = DateTimeFields.hpp; sourceTree = "<group>"; };
		2BD7622121063BF300140F47 /* DateTimeFields.cpp */ = {isa = PBXFileReference; lastKnownFileType = sourcecode.cpp.cpp; path = DateTimeFields.cpp; sourceTree = "<group>"; };
/* End PBXFileReference section */

/* Begin PBXFrameworksBuildPhase section */
		2B6BA9A220FFE33A00DCC3E8 /* Frameworks */ = {
			isa = PBXFrameworksBuildPhase;
			buildActionMask = 2147483647;
			files = (
			);
			runOnlyForDeploymentPostprocessing = 0;
		};
/* End PBXFrameworksBuildPhase section */

/* Begin PBXGroup section */
		2B6BA99C20FFE33A00DCC3E8 = {
			isa = PBXGroup;
			children = (
				2B6BA9A720FFE33A00DCC3E8 /* computeEnergyUsage */,
				2B6BA9A620FFE33A00DCC3E8 /* Products */,
			);
			sourceTree = "<group>";
		};
		2B6BA9A620FFE33A00DCC3E8 /* Products */ = {
			isa = PBXGroup;
			children = (
				2B6BA9A520FFE33A00DCC3E8 /* computeEnergyUsage */,
			);
			name = Products;
			sourceTree = "<group>";
		};
		2B6BA9A720FFE33A00DCC3E8 /* computeEnergyUsage */ = {
			isa = PBXGroup;
			children = (
				2B6BA9A820FFE33A00DCC3E8 /* main.cpp */,
				2B84CF5B21108CC500F91069 /* arraysOfConstCharacters.cpp */,
				2B84CF5C21108CC500F91069 /* arraysOfConstCharacters.hpp */,
				2B068B2C211243D200FE6C7F /* SQLSelects.hpp */,
				2B068B2F2112514100FE6C7F /* SQLSelects.cpp */,
				2B9AE1762109E89E007318ED /* HelpMessage.cpp */,
				2B6BA9AF20FFED1A00DCC3E8 /* EnergyUsage.cpp */,
				2B6BA9B020FFED1A00DCC3E8 /* EnergyUsage.hpp */,
				2BD7622021060FBE00140F47 /* DateTimeFields.hpp */,
				2BD7622121063BF300140F47 /* DateTimeFields.cpp */,
				2B123D2D210228F20086674A /* StopWatch.cpp */,
				2B123D2C210228F20086674A /* StopWatch.hpp */,
				2B123D2821009DC20086674A /* makeHelpMessage.cpp */,
				2B123D2721009DC20086674A /* makeHelpMessage.hpp */,
				2B123D2B210228F20086674A /* varyingType.hpp */,
			);
			path = computeEnergyUsage;
			sourceTree = "<group>";
		};
/* End PBXGroup section */

/* Begin PBXNativeTarget section */
		2B6BA9A420FFE33A00DCC3E8 /* computeEnergyUsage */ = {
			isa = PBXNativeTarget;
			buildConfigurationList = 2B6BA9AC20FFE33A00DCC3E8 /* Build configuration list for PBXNativeTarget "computeEnergyUsage" */;
			buildPhases = (
				2B6BA9A120FFE33A00DCC3E8 /* Sources */,
				2B6BA9A220FFE33A00DCC3E8 /* Frameworks */,
				2B6BA9A320FFE33A00DCC3E8 /* CopyFiles */,
			);
			buildRules = (
			);
			dependencies = (
			);
			name = computeEnergyUsage;
			productName = computeEnergyUsage;
			productReference = 2B6BA9A520FFE33A00DCC3E8 /* computeEnergyUsage */;
			productType = "com.apple.product-type.tool";
		};
/* End PBXNativeTarget section */

/* Begin PBXProject section */
		2B6BA99D20FFE33A00DCC3E8 /* Project object */ = {
			isa = PBXProject;
			attributes = {
				LastUpgradeCheck = 0940;
				ORGANIZATIONNAME = CliffordCampo;
				TargetAttributes = {
					2B6BA9A420FFE33A00DCC3E8 = {
						CreatedOnToolsVersion = 9.4.1;
					};
				};
			};
			buildConfigurationList = 2B6BA9A020FFE33A00DCC3E8 /* Build configuration list for PBXProject "computeEnergyUsage" */;
			compatibilityVersion = "Xcode 9.3";
			developmentRegion = en;
			hasScannedForEncodings = 0;
			knownRegions = (
				en,
			);
			mainGroup = 2B6BA99C20FFE33A00DCC3E8;
			productRefGroup = 2B6BA9A620FFE33A00DCC3E8 /* Products */;
			projectDirPath = "";
			projectRoot = "";
			targets = (
				2B6BA9A420FFE33A00DCC3E8 /* computeEnergyUsage */,
			);
		};
/* End PBXProject section */

/* Begin PBXSourcesBuildPhase section */
		2B6BA9A120FFE33A00DCC3E8 /* Sources */ = {
			isa = PBXSourcesBuildPhase;
			buildActionMask = 2147483647;
			files = (
				2B068B2D211243D200FE6C7F /* SQLSelects.hpp in Sources */,
				2B123D2921009DC20086674A /* makeHelpMessage.cpp in Sources */,
				2B123D2F210228F20086674A /* StopWatch.cpp in Sources */,
				2B84CF5D21108CC500F91069 /* arraysOfConstCharacters.cpp in Sources */,
				2B9AE1772109E89E007318ED /* HelpMessage.cpp in Sources */,
				2BD7622221063BF300140F47 /* DateTimeFields.cpp in Sources */,
				2B068B302112514100FE6C7F /* SQLSelects.cpp in Sources */,
				2B6BA9A920FFE33A00DCC3E8 /* main.cpp in Sources */,
				2B6BA9B120FFED1A00DCC3E8 /* EnergyUsage.cpp in Sources */,
			);
			runOnlyForDeploymentPostprocessing = 0;
		};
/* End PBXSourcesBuildPhase section */

/* Begin XCBuildConfiguration section */
		2B6BA9AA20FFE33A00DCC3E8 /* Debug */ = {
			isa = XCBuildConfiguration;
			buildSettings = {
				ALWAYS_SEARCH_USER_PATHS = NO;
				CLANG_ANALYZER_NONNULL = YES;
				CLANG_ANALYZER_NUMBER_OBJECT_CONVERSION = YES_AGGRESSIVE;
				CLANG_CXX_LANGUAGE_STANDARD = "gnu++14";
				CLANG_CXX_LIBRARY = "libc++";
				CLANG_ENABLE_MODULES = YES;
				CLANG_ENABLE_OBJC_ARC = YES;
				CLANG_ENABLE_OBJC_WEAK = YES;
				CLANG_WARN_BLOCK_CAPTURE_AUTORELEASING = YES;
				CLANG_WARN_BOOL_CONVERSION = YES;
				CLANG_WARN_COMMA = YES;
				CLANG_WARN_CONSTANT_CONVERSION = YES;
				CLANG_WARN_DEPRECATED_OBJC_IMPLEMENTATIONS = YES;
				CLANG_WARN_DIRECT_OBJC_ISA_USAGE = YES_ERROR;
				CLANG_WARN_DOCUMENTATION_COMMENTS = YES;
				CLANG_WARN_EMPTY_BODY = YES;
				CLANG_WARN_ENUM_CONVERSION = YES;
				CLANG_WARN_INFINITE_RECURSION = YES;
				CLANG_WARN_INT_CONVERSION = YES;
				CLANG_WARN_NON_LITERAL_NULL_CONVERSION = YES;
				CLANG_WARN_OBJC_IMPLICIT_RETAIN_SELF = YES;
				CLANG_WARN_OBJC_LITERAL_CONVERSION = YES;
				CLANG_WARN_OBJC_ROOT_CLASS = YES_ERROR;
				CLANG_WARN_RANGE_LOOP_ANALYSIS = YES;
				CLANG_WARN_STRICT_PROTOTYPES = YES;
				CLANG_WARN_SUSPICIOUS_MOVE = YES;
				CLANG_WARN_UNGUARDED_AVAILABILITY = YES_AGGRESSIVE;
				CLANG_WARN_UNREACHABLE_CODE = YES;
				CLANG_WARN__DUPLICATE_METHOD_MATCH = YES;
				CODE_SIGN_IDENTITY = "-";
				COPY_PHASE_STRIP = NO;
				DEBUG_INFORMATION_FORMAT = dwarf;
				ENABLE_STRICT_OBJC_MSGSEND = YES;
				ENABLE_TESTABILITY = YES;
				GCC_C_LANGUAGE_STANDARD = gnu11;
				GCC_DYNAMIC_NO_PIC = NO;
				GCC_NO_COMMON_BLOCKS = YES;
				GCC_OPTIMIZATION_LEVEL = 0;
				GCC_PREPROCESSOR_DEFINITIONS = (
					"DEBUG=1",
					"$(inherited)",
				);
				GCC_WARN_64_TO_32_BIT_CONVERSION = YES;
				GCC_WARN_ABOUT_RETURN_TYPE = YES_ERROR;
				GCC_WARN_UNDECLARED_SELECTOR = YES;
				GCC_WARN_UNINITIALIZED_AUTOS = YES_AGGRESSIVE;
				GCC_WARN_UNUSED_FUNCTION = YES;
				GCC_WARN_UNUSED_VARIABLE = YES;
				MACOSX_DEPLOYMENT_TARGET = 10.13;
				MTL_ENABLE_DEBUG_INFO = YES;
				ONLY_ACTIVE_ARCH = YES;
				SDKROOT = macosx;
			};
			name = Debug;
		};
		2B6BA9AB20FFE33A00DCC3E8 /* Release */ = {
			isa = XCBuildConfiguration;
			buildSettings = {
				ALWAYS_SEARCH_USER_PATHS = NO;
				CLANG_ANALYZER_NONNULL = YES;
				CLANG_ANALYZER_NUMBER_OBJECT_CONVERSION = YES_AGGRESSIVE;
				CLANG_CXX_LANGUAGE_STANDARD = "gnu++14";
				CLANG_CXX_LIBRARY = "libc++";
				CLANG_ENABLE_MODULES = YES;
				CLANG_ENABLE_OBJC_ARC = YES;
				CLANG_ENABLE_OBJC_WEAK = YES;
				CLANG_WARN_BLOCK_CAPTURE_AUTORELEASING = YES;
				CLANG_WARN_BOOL_CONVERSION = YES;
				CLANG_WARN_COMMA = YES;
				CLANG_WARN_CONSTANT_CONVERSION = YES;
				CLANG_WARN_DEPRECATED_OBJC_IMPLEMENTATIONS = YES;
				CLANG_WARN_DIRECT_OBJC_ISA_USAGE = YES_ERROR;
				CLANG_WARN_DOCUMENTATION_COMMENTS = YES;
				CLANG_WARN_EMPTY_BODY = YES;
				CLANG_WARN_ENUM_CONVERSION = YES;
				CLANG_WARN_INFINITE_RECURSION = YES;
				CLANG_WARN_INT_CONVERSION = YES;
				CLANG_WARN_NON_LITERAL_NULL_CONVERSION = YES;
				CLANG_WARN_OBJC_IMPLICIT_RETAIN_SELF = YES;
				CLANG_WARN_OBJC_LITERAL_CONVERSION = YES;
				CLANG_WARN_OBJC_ROOT_CLASS = YES_ERROR;
				CLANG_WARN_RANGE_LOOP_ANALYSIS = YES;
				CLANG_WARN_STRICT_PROTOTYPES = YES;
				CLANG_WARN_SUSPICIOUS_MOVE = YES;
				CLANG_WARN_UNGUARDED_AVAILABILITY = YES_AGGRESSIVE;
				CLANG_WARN_UNREACHABLE_CODE = YES;
				CLANG_WARN__DUPLICATE_METHOD_MATCH = YES;
				CODE_SIGN_IDENTITY = "-";
				COPY_PHASE_STRIP = NO;
				DEBUG_INFORMATION_FORMAT = "dwarf-with-dsym";
				ENABLE_NS_ASSERTIONS = NO;
				ENABLE_STRICT_OBJC_MSGSEND = YES;
				GCC_C_LANGUAGE_STANDARD = gnu11;
				GCC_NO_COMMON_BLOCKS = YES;
				GCC_WARN_64_TO_32_BIT_CONVERSION = YES;
				GCC_WARN_ABOUT_RETURN_TYPE = YES_ERROR;
				GCC_WARN_UNDECLARED_SELECTOR = YES;
				GCC_WARN_UNINITIALIZED_AUTOS = YES_AGGRESSIVE;
				GCC_WARN_UNUSED_FUNCTION = YES;
				GCC_WARN_UNUSED_VARIABLE = YES;
				MACOSX_DEPLOYMENT_TARGET = 10.13;
				MTL_ENABLE_DEBUG_INFO = NO;
				SDKROOT = macosx;
			};
			name = Release;
		};
		2B6BA9AD20FFE33A00DCC3E8 /* Debug */ = {
			isa = XCBuildConfiguration;
			buildSettings = {
				CODE_SIGN_STYLE = Automatic;
				"HEADER_SEARCH_PATHS[arch=*]" = (
					/usr/local/include,
					/usr/local/pgsql104/pgsql100400/include,
				);
				"LIBRARY_SEARCH_PATHS[arch=*]" = /usr/local/lib;
				"OTHER_LDFLAGS[arch=*]" = "-lpq";
				PRODUCT_NAME = "$(TARGET_NAME)";
			};
			name = Debug;
		};
		2B6BA9AE20FFE33A00DCC3E8 /* Release */ = {
			isa = XCBuildConfiguration;
			buildSettings = {
				CODE_SIGN_STYLE = Automatic;
				PRODUCT_NAME = "$(TARGET_NAME)";
			};
			name = Release;
		};
/* End XCBuildConfiguration section */

/* Begin XCConfigurationList section */
		2B6BA9A020FFE33A00DCC3E8 /* Build configuration list for PBXProject "computeEnergyUsage" */ = {
			isa = XCConfigurationList;
			buildConfigurations = (
				2B6BA9AA20FFE33A00DCC3E8 /* Debug */,
				2B6BA9AB20FFE33A00DCC3E8 /* Release */,
			);
			defaultConfigurationIsVisible = 0;
			defaultConfigurationName = Release;
		};
		2B6BA9AC20FFE33A00DCC3E8 /* Build configuration list for PBXNativeTarget "computeEnergyUsage" */ = {
			isa = XCConfigurationList;
			buildConfigurations = (
				2B6BA9AD20FFE33A00DCC3E8 /* Debug */,
				2B6BA9AE20FFE33A00DCC3E8 /* Release */,
			);
			defaultConfigurationIsVisible = 0;
			defaultConfigurationName = Release;
		};
/* End XCConfigurationList section */
	};
	rootObject = 2B6BA99D20FFE33A00DCC3E8 /* Project object */;
}
